<?xml version="1.0" encoding="UTF-8"?>
<Scheme
   version = "1.3">
   <BuildAction>
      <BuildActionEntries>
         <BuildActionEntry
            buildForRunning = "YES">
            <BuildableReference
               BuildableIdentifier = "primary"
               BlueprintIdentifier = "17C8BC62966E8C391B2F57C0"
               BuildableName = "BMStatusHUD.app"
               BlueprintName = "BMStatusHUD"
               ReferencedContainer = "container:BMStatusHUD.xcodeproj">
            </BuildableReference>
         </BuildActionEntry>
      </BuildActionEntries>
   </BuildAction>
   <LaunchAction
      useCustomWorkingDirectory = "NO"
      buildConfiguration = "Debug">
      <BuildableProductRunnable>
         <BuildableReference
            BuildableIdentifier = "primary"
            BlueprintIdentifier = "17C8BC62966E8C391B2F57C0"
            BuildableName = "BMStatusHUD.app"
            BlueprintName = "BMStatusHUD"
            ReferencedContainer = "container:BMStatusHUD.xcodeproj">
         </BuildableReference>
      </BuildableProductRunnable>
   </LaunchAction>
</Scheme>
