// !$*UTF8*$!
{
	archiveVersion = 1;
	classes = {
	};
	objectVersion = 46;
	objects = {

/* Begin PBXBuildFile section */
		17C8B0FE50C3F84F6BC5E1DA /* BMViewController.m in Sources */ = {isa = PBXBuildFile; fileRef = 17C8BE886C7927289428C4B0 /* BMViewController.m */; };
		17C8B1F767ED389C846C867A /* main.m in Sources */ = {isa = PBXBuildFile; fileRef = 17C8BC442F4E1C115D6E87C3 /* main.m */; };
		17C8B222580F6D0787CF5CD5 /* UIKit.framework in Frameworks */ = {isa = PBXBuildFile; fileRef = 17C8B29CFC4C7A884AE6EE01 /* UIKit.framework */; };
		17C8B2869FDC538A66B73BCC /* UIKit.framework in Frameworks */ = {isa = PBXBuildFile; fileRef = 17C8B29CFC4C7A884AE6EE01 /* UIKit.framework */; };
		17C8B2F89394F3AFFE7D9370 /* Foundation.framework in Frameworks */ = {isa = PBXBuildFile; fileRef = 17C8B8E3FD4C408E6DCBD09F /* Foundation.framework */; };
		17C8B30A02CCF2C620844351 /* InfoPlist.strings in Resources */ = {isa = PBXBuildFile; fileRef = 17C8B5819B0B15105DE8FE7A /* InfoPlist.strings */; };
		17C8B33C89C0AF100636C43C /* BMAppDelegate.m in Sources */ = {isa = PBXBuildFile; fileRef = 17C8B518BEF1340A9B457924 /* BMAppDelegate.m */; };
		17C8B4E5D6B0C24C9A1CE2B7 /* InfoPlist.strings in Resources */ = {isa = PBXBuildFile; fileRef = 17C8B3381ED7094314100972 /* InfoPlist.strings */; };
		17C8B6B24F84689145382015 /* BMStatusHUD.m in Sources */ = {isa = PBXBuildFile; fileRef = 17C8B6EEBCA525F00B2B4BCB /* BMStatusHUD.m */; };
		17C8B777757C6544E80B51E1 /* BMStatusHUDTests.m in Sources */ = {isa = PBXBuildFile; fileRef = 17C8BEE1F8AB45DF202EF23F /* BMStatusHUDTests.m */; };
		17C8B9A786F18F9A2DFB18AE /* Main_iPhone.storyboard in Resources */ = {isa = PBXBuildFile; fileRef = 17C8B62233BDFCC957D29BD0 /* Main_iPhone.storyboard */; };
		17C8BABE866DEB16AE539605 /* Main_iPad.storyboard in Resources */ = {isa = PBXBuildFile; fileRef = 17C8B6757ED8FD41FF5064F0 /* Main_iPad.storyboard */; };
		17C8BADF233A0C4BC8AD688A /* Images.xcassets in Resources */ = {isa = PBXBuildFile; fileRef = 17C8BF06D12DDB42DE40CF5B /* Images.xcassets */; };
		17C8BAEAF5A35BD2C9884920 /* XCTest.framework in Frameworks */ = {isa = PBXBuildFile; fileRef = 17C8B0815CF27B59CBBD996D /* XCTest.framework */; };
		17C8BC2813AF5F585C7BC04E /* Foundation.framework in Frameworks */ = {isa = PBXBuildFile; fileRef = 17C8B8E3FD4C408E6DCBD09F /* Foundation.framework */; };
		17C8BD912C8EB135EBE2F19D /* CoreGraphics.framework in Frameworks */ = {isa = PBXBuildFile; fileRef = 17C8BC522CBAEC2BD6EDB613 /* CoreGraphics.framework */; };
/* End PBXBuildFile section */

/* Begin PBXContainerItemProxy section */
		17C8BFF7F517B91905A0AD51 /* PBXContainerItemProxy */ = {
			isa = PBXContainerItemProxy;
			containerPortal = 17C8BEBFED91122BCD26B721 /* Project object */;
			proxyType = 1;
			remoteGlobalIDString = 17C8BC62966E8C391B2F57C0;
			remoteInfo = BMStatusHUD;
		};
/* End PBXContainerItemProxy section */

/* Begin PBXFileReference section */
		17C8B0815CF27B59CBBD996D /* XCTest.framework */ = {isa = PBXFileReference; lastKnownFileType = wrapper.framework; name = XCTest.framework; path = Library/Frameworks/XCTest.framework; sourceTree = DEVELOPER_DIR; };
		17C8B29CFC4C7A884AE6EE01 /* UIKit.framework */ = {isa = PBXFileReference; lastKnownFileType = wrapper.framework; name = UIKit.framework; path = System/Library/Frameworks/UIKit.framework; sourceTree = SDKROOT; };
		17C8B2BB13A7CB436D602675 /* BMAppDelegate.h */ = {isa = PBXFileReference; fileEncoding = 4; lastKnownFileType = sourcecode.c.h; path = BMAppDelegate.h; sourceTree = "<group>"; };
		17C8B2D7489A7DFA739331EB /* en */ = {isa = PBXFileReference; fileEncoding = 4; lastKnownFileType = text.plist.strings; name = en; path = en.lproj/InfoPlist.strings; sourceTree = "<group>"; };
		17C8B3D0CDE5471039FF2608 /* BMStatusHUD.app */ = {isa = PBXFileReference; explicitFileType = wrapper.application; includeInIndex = 0; path = BMStatusHUD.app; sourceTree = BUILT_PRODUCTS_DIR; };
		17C8B4D01732EA7752391006 /* BMStatusHUD-Info.plist */ = {isa = PBXFileReference; fileEncoding = 4; lastKnownFileType = text.plist.info; path = "BMStatusHUD-Info.plist"; sourceTree = "<group>"; };
		17C8B518BEF1340A9B457924 /* BMAppDelegate.m */ = {isa = PBXFileReference; fileEncoding = 4; lastKnownFileType = sourcecode.c.objc; path = BMAppDelegate.m; sourceTree = "<group>"; };
		17C8B5ACCF3BA3E5C03251CA /* en */ = {isa = PBXFileReference; lastKnownFileType = text.plist.strings; name = en; path = en.lproj/InfoPlist.strings; sourceTree = "<group>"; };
		17C8B6EEBCA525F00B2B4BCB /* BMStatusHUD.m */ = {isa = PBXFileReference; fileEncoding = 4; lastKnownFileType = sourcecode.c.objc; path = BMStatusHUD.m; sourceTree = "<group>"; };
		17C8B701F4DFEA5BAEE8C55F /* BMStatusHUD.h */ = {isa = PBXFileReference; fileEncoding = 4; lastKnownFileType = sourcecode.c.h; path = BMStatusHUD.h; sourceTree = "<group>"; };
		17C8B7A6040E2DE475D63378 /* BMStatusHUD-Prefix.pch */ = {isa = PBXFileReference; fileEncoding = 4; lastKnownFileType = sourcecode.c.h; path = "BMStatusHUD-Prefix.pch"; sourceTree = "<group>"; };
		17C8B8E3FD4C408E6DCBD09F /* Foundation.framework */ = {isa = PBXFileReference; lastKnownFileType = wrapper.framework; name = Foundation.framework; path = System/Library/Frameworks/Foundation.framework; sourceTree = SDKROOT; };
		17C8B9353E4C1FE8EFFE3DAA /* Base */ = {isa = PBXFileReference; lastKnownFileType = file.storyboard; name = Base; path = BMStatusHUD/Base.lproj/Main_iPad.storyboard; sourceTree = SOURCE_ROOT; };
		17C8BC2C72D532EB1FDE2ADC /* Base */ = {isa = PBXFileReference; lastKnownFileType = file.storyboard; name = Base; path = BMStatusHUD/Base.lproj/Main_iPhone.storyboard; sourceTree = SOURCE_ROOT; };
		17C8BC442F4E1C115D6E87C3 /* main.m */ = {isa = PBXFileReference; fileEncoding = 4; lastKnownFileType = sourcecode.c.objc; path = main.m; sourceTree = "<group>"; };
		17C8BC522CBAEC2BD6EDB613 /* CoreGraphics.framework */ = {isa = PBXFileReference; lastKnownFileType = wrapper.framework; name = CoreGraphics.framework; path = System/Library/Frameworks/CoreGraphics.framework; sourceTree = SDKROOT; };
		17C8BD3BD5646B42C144503D /* BMStatusHUDTests-Info.plist */ = {isa = PBXFileReference; lastKnownFileType = text.plist.info; path = "BMStatusHUDTests-Info.plist"; sourceTree = "<group>"; };
		17C8BD5AE90CD6AA794A69BF /* BMStatusHUDTests.xctest */ = {isa = PBXFileReference; explicitFileType = wrapper.cfbundle; includeInIndex = 0; path = BMStatusHUDTests.xctest; sourceTree = BUILT_PRODUCTS_DIR; };
		17C8BE886C7927289428C4B0 /* BMViewController.m */ = {isa = PBXFileReference; fileEncoding = 4; lastKnownFileType = sourcecode.c.objc; path = BMViewController.m; sourceTree = "<group>"; };
		17C8BEE1F8AB45DF202EF23F /* BMStatusHUDTests.m */ = {isa = PBXFileReference; lastKnownFileType = sourcecode.c.objc; path = BMStatusHUDTests.m; sourceTree = "<group>"; };
		17C8BF06D12DDB42DE40CF5B /* Images.xcassets */ = {isa = PBXFileReference; lastKnownFileType = folder.assetcatalog; path = Images.xcassets; sourceTree = "<group>"; };
		17C8BFEC015A3F1ECCB6FDD8 /* BMViewController.h */ = {isa = PBXFileReference; fileEncoding = 4; lastKnownFileType = sourcecode.c.h; path = BMViewController.h; sourceTree = "<group>"; };
/* End PBXFileReference section */

/* Begin PBXFrameworksBuildPhase section */
		17C8B34A50E9F1B2135D0DAC /* Frameworks */ = {
			isa = PBXFrameworksBuildPhase;
			buildActionMask = 2147483647;
			files = (
				17C8BAEAF5A35BD2C9884920 /* XCTest.framework in Frameworks */,
				17C8B2F89394F3AFFE7D9370 /* Foundation.framework in Frameworks */,
				17C8B222580F6D0787CF5CD5 /* UIKit.framework in Frameworks */,
			);
			runOnlyForDeploymentPostprocessing = 0;
		};
		17C8B631005B869002620F1A /* Frameworks */ = {
			isa = PBXFrameworksBuildPhase;
			buildActionMask = 2147483647;
			files = (
				17C8BC2813AF5F585C7BC04E /* Foundation.framework in Frameworks */,
				17C8BD912C8EB135EBE2F19D /* CoreGraphics.framework in Frameworks */,
				17C8B2869FDC538A66B73BCC /* UIKit.framework in Frameworks */,
			);
			runOnlyForDeploymentPostprocessing = 0;
		};
/* End PBXFrameworksBuildPhase section */

/* Begin PBXGroup section */
		17C8B1F573E15D8DA2A5D3BE /* BMStatusHUD */ = {
			isa = PBXGroup;
			children = (
				17C8B7B595A43E1378863C43 /* Demo Application */,
				17C8BB0E9560677FAD0443DB /* HUD Files */,
			);
			path = BMStatusHUD;
			sourceTree = "<group>";
		};
		17C8B3E2045BDBD30CD773A2 /* Supporting Files */ = {
			isa = PBXGroup;
			children = (
				17C8BD3BD5646B42C144503D /* BMStatusHUDTests-Info.plist */,
				17C8B3381ED7094314100972 /* InfoPlist.strings */,
			);
			name = "Supporting Files";
			sourceTree = "<group>";
		};
		17C8B6B4C349A3504DDB5E2A /* Products */ = {
			isa = PBXGroup;
			children = (
				17C8B3D0CDE5471039FF2608 /* BMStatusHUD.app */,
				17C8BD5AE90CD6AA794A69BF /* BMStatusHUDTests.xctest */,
			);
			name = Products;
			sourceTree = "<group>";
		};
		17C8B7B595A43E1378863C43 /* Demo Application */ = {
			isa = PBXGroup;
			children = (
				17C8B9508C0A07A9C01C0544 /* Supporting Files */,
				17C8B62233BDFCC957D29BD0 /* Main_iPhone.storyboard */,
				17C8B6757ED8FD41FF5064F0 /* Main_iPad.storyboard */,
				17C8BE886C7927289428C4B0 /* BMViewController.m */,
				17C8BFEC015A3F1ECCB6FDD8 /* BMViewController.h */,
				17C8B518BEF1340A9B457924 /* BMAppDelegate.m */,
				17C8BF06D12DDB42DE40CF5B /* Images.xcassets */,
				17C8B2BB13A7CB436D602675 /* BMAppDelegate.h */,
			);
			path = "Demo Application";
			sourceTree = "<group>";
		};
		17C8B9508C0A07A9C01C0544 /* Supporting Files */ = {
			isa = PBXGroup;
			children = (
				17C8B4D01732EA7752391006 /* BMStatusHUD-Info.plist */,
				17C8B5819B0B15105DE8FE7A /* InfoPlist.strings */,
				17C8BC442F4E1C115D6E87C3 /* main.m */,
				17C8B7A6040E2DE475D63378 /* BMStatusHUD-Prefix.pch */,
			);
			name = "Supporting Files";
			path = BMStatusHUD;
			sourceTree = SOURCE_ROOT;
		};
		17C8BB0E9560677FAD0443DB /* HUD Files */ = {
			isa = PBXGroup;
			children = (
				17C8B6EEBCA525F00B2B4BCB /* BMStatusHUD.m */,
				17C8B701F4DFEA5BAEE8C55F /* BMStatusHUD.h */,
			);
			path = "HUD Files";
			sourceTree = "<group>";
		};
		17C8BB9D59ACD0A6FADE5098 /* BMStatusHUDTests */ = {
			isa = PBXGroup;
			children = (
				17C8B3E2045BDBD30CD773A2 /* Supporting Files */,
				17C8BEE1F8AB45DF202EF23F /* BMStatusHUDTests.m */,
			);
			path = BMStatusHUDTests;
			sourceTree = "<group>";
		};
		17C8BC207FE841B4857DFA3C /* Frameworks */ = {
			isa = PBXGroup;
			children = (
				17C8B8E3FD4C408E6DCBD09F /* Foundation.framework */,
				17C8BC522CBAEC2BD6EDB613 /* CoreGraphics.framework */,
				17C8B29CFC4C7A884AE6EE01 /* UIKit.framework */,
				17C8B0815CF27B59CBBD996D /* XCTest.framework */,
			);
			name = Frameworks;
			sourceTree = "<group>";
		};
		17C8BCD9A5CB5C502D0EAC66 = {
			isa = PBXGroup;
			children = (
				17C8B6B4C349A3504DDB5E2A /* Products */,
				17C8BC207FE841B4857DFA3C /* Frameworks */,
				17C8B1F573E15D8DA2A5D3BE /* BMStatusHUD */,
				17C8BB9D59ACD0A6FADE5098 /* BMStatusHUDTests */,
			);
			sourceTree = "<group>";
		};
/* End PBXGroup section */

/* Begin PBXNativeTarget section */
		17C8BC62966E8C391B2F57C0 /* BMStatusHUD */ = {
			isa = PBXNativeTarget;
			buildConfigurationList = 17C8B7FE00131DEB8FF6881C /* Build configuration list for PBXNativeTarget "BMStatusHUD" */;
			buildPhases = (
				17C8B3FBCE35522E43D07FB5 /* Sources */,
				17C8B631005B869002620F1A /* Frameworks */,
				17C8B01A8A4488D437460112 /* Resources */,
			);
			buildRules = (
			);
			dependencies = (
			);
			name = BMStatusHUD;
			productName = BMStatusHUD;
			productReference = 17C8B3D0CDE5471039FF2608 /* BMStatusHUD.app */;
			productType = "com.apple.product-type.application";
		};
		17C8BCA1E1D5DAE1440A545B /* BMStatusHUDTests */ = {
			isa = PBXNativeTarget;
			buildConfigurationList = 17C8B1A4FB64FD670664E7D0 /* Build configuration list for PBXNativeTarget "BMStatusHUDTests" */;
			buildPhases = (
				17C8BB8975D56B017E0318A5 /* Sources */,
				17C8B34A50E9F1B2135D0DAC /* Frameworks */,
				17C8B9EF61619B5395E1E334 /* Resources */,
			);
			buildRules = (
			);
			dependencies = (
				17C8BDFF19C0BE55A56E3DA9 /* PBXTargetDependency */,
			);
			name = BMStatusHUDTests;
			productName = BMStatusHUDTests;
			productReference = 17C8BD5AE90CD6AA794A69BF /* BMStatusHUDTests.xctest */;
			productType = "com.apple.product-type.bundle.unit-test";
		};
/* End PBXNativeTarget section */

/* Begin PBXProject section */
		17C8BEBFED91122BCD26B721 /* Project object */ = {
			isa = PBXProject;
			attributes = {
				ORGANIZATIONNAME = "Benjamin Morrison";
			};
			buildConfigurationList = 17C8B89F2707CB0872F7567D /* Build configuration list for PBXProject "BMStatusHUD" */;
			compatibilityVersion = "Xcode 3.2";
			developmentRegion = English;
			hasScannedForEncodings = 0;
			knownRegions = (
				en,
			);
			mainGroup = 17C8BCD9A5CB5C502D0EAC66;
			productRefGroup = 17C8B6B4C349A3504DDB5E2A /* Products */;
			projectDirPath = "";
			projectRoot = "";
			targets = (
				17C8BC62966E8C391B2F57C0 /* BMStatusHUD */,
				17C8BCA1E1D5DAE1440A545B /* BMStatusHUDTests */,
			);
		};
/* End PBXProject section */

/* Begin PBXResourcesBuildPhase section */
		17C8B01A8A4488D437460112 /* Resources */ = {
			isa = PBXResourcesBuildPhase;
			buildActionMask = 2147483647;
			files = (
				17C8B30A02CCF2C620844351 /* InfoPlist.strings in Resources */,
				17C8B9A786F18F9A2DFB18AE /* Main_iPhone.storyboard in Resources */,
				17C8BABE866DEB16AE539605 /* Main_iPad.storyboard in Resources */,
				17C8BADF233A0C4BC8AD688A /* Images.xcassets in Resources */,
			);
			runOnlyForDeploymentPostprocessing = 0;
		};
		17C8B9EF61619B5395E1E334 /* Resources */ = {
			isa = PBXResourcesBuildPhase;
			buildActionMask = 2147483647;
			files = (
				17C8B4E5D6B0C24C9A1CE2B7 /* InfoPlist.strings in Resources */,
			);
			runOnlyForDeploymentPostprocessing = 0;
		};
/* End PBXResourcesBuildPhase section */

/* Begin PBXSourcesBuildPhase section */
		17C8B3FBCE35522E43D07FB5 /* Sources */ = {
			isa = PBXSourcesBuildPhase;
			buildActionMask = 2147483647;
			files = (
				17C8B1F767ED389C846C867A /* main.m in Sources */,
				17C8B0FE50C3F84F6BC5E1DA /* BMViewController.m in Sources */,
				17C8B33C89C0AF100636C43C /* BMAppDelegate.m in Sources */,
				17C8B6B24F84689145382015 /* BMStatusHUD.m in Sources */,
			);
			runOnlyForDeploymentPostprocessing = 0;
		};
		17C8BB8975D56B017E0318A5 /* Sources */ = {
			isa = PBXSourcesBuildPhase;
			buildActionMask = 2147483647;
			files = (
				17C8B777757C6544E80B51E1 /* BMStatusHUDTests.m in Sources */,
			);
			runOnlyForDeploymentPostprocessing = 0;
		};
/* End PBXSourcesBuildPhase section */

/* Begin PBXTargetDependency section */
		17C8BDFF19C0BE55A56E3DA9 /* PBXTargetDependency */ = {
			isa = PBXTargetDependency;
			target = 17C8BC62966E8C391B2F57C0 /* BMStatusHUD */;
			targetProxy = 17C8BFF7F517B91905A0AD51 /* PBXContainerItemProxy */;
		};
/* End PBXTargetDependency section */

/* Begin PBXVariantGroup section */
		17C8B3381ED7094314100972 /* InfoPlist.strings */ = {
			isa = PBXVariantGroup;
			children = (
				17C8B5ACCF3BA3E5C03251CA /* en */,
			);
			name = InfoPlist.strings;
			sourceTree = "<group>";
		};
		17C8B5819B0B15105DE8FE7A /* InfoPlist.strings */ = {
			isa = PBXVariantGroup;
			children = (
				17C8B2D7489A7DFA739331EB /* en */,
			);
			name = InfoPlist.strings;
			sourceTree = "<group>";
		};
		17C8B62233BDFCC957D29BD0 /* Main_iPhone.storyboard */ = {
			isa = PBXVariantGroup;
			children = (
				17C8BC2C72D532EB1FDE2ADC /* Base */,
			);
			name = Main_iPhone.storyboard;
			sourceTree = "<group>";
		};
		17C8B6757ED8FD41FF5064F0 /* Main_iPad.storyboard */ = {
			isa = PBXVariantGroup;
			children = (
				17C8B9353E4C1FE8EFFE3DAA /* Base */,
			);
			name = Main_iPad.storyboard;
			sourceTree = "<group>";
		};
/* End PBXVariantGroup section */

/* Begin XCBuildConfiguration section */
		17C8B618D8A6E343FE5DBBA6 /* Debug */ = {
			isa = XCBuildConfiguration;
			buildSettings = {
				ALWAYS_SEARCH_USER_PATHS = NO;
				CLANG_CXX_LANGUAGE_STANDARD = "gnu++0x";
				CLANG_CXX_LIBRARY = "libc++";
				CLANG_ENABLE_MODULES = YES;
				CLANG_ENABLE_OBJC_ARC = YES;
				CLANG_WARN_BOOL_CONVERSION = YES;
				CLANG_WARN_CONSTANT_CONVERSION = YES;
				CLANG_WARN_DIRECT_OBJC_ISA_USAGE = YES_ERROR;
				CLANG_WARN_EMPTY_BODY = YES;
				CLANG_WARN_ENUM_CONVERSION = YES;
				CLANG_WARN_INT_CONVERSION = YES;
				CLANG_WARN_OBJC_ROOT_CLASS = YES_ERROR;
				CLANG_WARN__DUPLICATE_METHOD_MATCH = YES;
				"CODE_SIGN_IDENTITY[sdk=iphoneos*]" = "iPhone Developer";
				COPY_PHASE_STRIP = NO;
				GCC_C_LANGUAGE_STANDARD = gnu99;
				GCC_DYNAMIC_NO_PIC = NO;
				GCC_OPTIMIZATION_LEVEL = 0;
				GCC_PREPROCESSOR_DEFINITIONS = (
					"DEBUG=1",
					"$(inherited)",
				);
				GCC_SYMBOLS_PRIVATE_EXTERN = NO;
				GCC_WARN_64_TO_32_BIT_CONVERSION = YES;
				GCC_WARN_ABOUT_RETURN_TYPE = YES_ERROR;
				GCC_WARN_UNDECLARED_SELECTOR = YES;
				GCC_WARN_UNINITIALIZED_AUTOS = YES_AGGRESSIVE;
				GCC_WARN_UNUSED_FUNCTION = YES;
				GCC_WARN_UNUSED_VARIABLE = YES;
				IPHONEOS_DEPLOYMENT_TARGET = 7.1;
				ONLY_ACTIVE_ARCH = YES;
				SDKROOT = iphoneos;
				TARGETED_DEVICE_FAMILY = "1,2";
			};
			name = Debug;
		};
		17C8B7418A88DC26DDCE8821 /* Release */ = {
			isa = XCBuildConfiguration;
			buildSettings = {
				FRAMEWORK_SEARCH_PATHS = (
					"$(SDKROOT)/Developer/Library/Frameworks",
					"$(inherited)",
				);
				GCC_PRECOMPILE_PREFIX_HEADER = YES;
				GCC_PREFIX_HEADER = "BMStatusHUD/BMStatusHUD-Prefix.pch";
				INFOPLIST_FILE = "BMStatusHUDTests/BMStatusHUDTests-Info.plist";
				PRODUCT_NAME = "$(TARGET_NAME)";
				WRAPPER_EXTENSION = xctest;
			};
			name = Release;
		};
		17C8B8367DC07ACC6AAAB516 /* Debug */ = {
			isa = XCBuildConfiguration;
			buildSettings = {
				FRAMEWORK_SEARCH_PATHS = (
					"$(SDKROOT)/Developer/Library/Frameworks",
					"$(inherited)",
				);
				GCC_PRECOMPILE_PREFIX_HEADER = YES;
				GCC_PREFIX_HEADER = "BMStatusHUD/BMStatusHUD-Prefix.pch";
				INFOPLIST_FILE = "BMStatusHUDTests/BMStatusHUDTests-Info.plist";
				PRODUCT_NAME = "$(TARGET_NAME)";
				WRAPPER_EXTENSION = xctest;
			};
			name = Debug;
		};
		17C8B8BE0A2C7A4739F7793F /* Release */ = {
			isa = XCBuildConfiguration;
			buildSettings = {
				ALWAYS_SEARCH_USER_PATHS = NO;
				CLANG_CXX_LANGUAGE_STANDARD = "gnu++0x";
				CLANG_CXX_LIBRARY = "libc++";
				CLANG_ENABLE_MODULES = YES;
				CLANG_ENABLE_OBJC_ARC = YES;
				CLANG_WARN_BOOL_CONVERSION = YES;
				CLANG_WARN_CONSTANT_CONVERSION = YES;
				CLANG_WARN_DIRECT_OBJC_ISA_USAGE = YES_ERROR;
				CLANG_WARN_EMPTY_BODY = YES;
				CLANG_WARN_ENUM_CONVERSION = YES;
				CLANG_WARN_INT_CONVERSION = YES;
				CLANG_WARN_OBJC_ROOT_CLASS = YES_ERROR;
				CLANG_WARN__DUPLICATE_METHOD_MATCH = YES;
				"CODE_SIGN_IDENTITY[sdk=iphoneos*]" = "iPhone Developer";
				COPY_PHASE_STRIP = YES;
				ENABLE_NS_ASSERTIONS = NO;
				GCC_C_LANGUAGE_STANDARD = gnu99;
				GCC_WARN_64_TO_32_BIT_CONVERSION = YES;
				GCC_WARN_ABOUT_RETURN_TYPE = YES_ERROR;
				GCC_WARN_UNDECLARED_SELECTOR = YES;
				GCC_WARN_UNINITIALIZED_AUTOS = YES_AGGRESSIVE;
				GCC_WARN_UNUSED_FUNCTION = YES;
				GCC_WARN_UNUSED_VARIABLE = YES;
				IPHONEOS_DEPLOYMENT_TARGET = 7.1;
				SDKROOT = iphoneos;
				TARGETED_DEVICE_FAMILY = "1,2";
				VALIDATE_PRODUCT = YES;
			};
			name = Release;
		};
		17C8BB6CDC599E2D9F9A0B96 /* Release */ = {
			isa = XCBuildConfiguration;
			buildSettings = {
				ASSETCATALOG_COMPILER_APPICON_NAME = AppIcon;
				ASSETCATALOG_COMPILER_LAUNCHIMAGE_NAME = LaunchImage;
				GCC_PRECOMPILE_PREFIX_HEADER = YES;
				GCC_PREFIX_HEADER = "BMStatusHUD/BMStatusHUD-Prefix.pch";
				INFOPLIST_FILE = "BMStatusHUD/BMStatusHUD-Info.plist";
				PRODUCT_NAME = "$(TARGET_NAME)";
				WRAPPER_EXTENSION = app;
			};
			name = Release;
		};
		17C8BC2FD09F5EAA513217F4 /* Debug */ = {
			isa = XCBuildConfiguration;
			buildSettings = {
				ASSETCATALOG_COMPILER_APPICON_NAME = AppIcon;
				ASSETCATALOG_COMPILER_LAUNCHIMAGE_NAME = LaunchImage;
				GCC_PRECOMPILE_PREFIX_HEADER = YES;
				GCC_PREFIX_HEADER = "BMStatusHUD/BMStatusHUD-Prefix.pch";
				INFOPLIST_FILE = "BMStatusHUD/BMStatusHUD-Info.plist";
				PRODUCT_NAME = "$(TARGET_NAME)";
				WRAPPER_EXTENSION = app;
			};
			name = Debug;
		};
/* End XCBuildConfiguration section */

/* Begin XCConfigurationList section */
		17C8B1A4FB64FD670664E7D0 /* Build configuration list for PBXNativeTarget "BMStatusHUDTests" */ = {
			isa = XCConfigurationList;
			buildConfigurations = (
				17C8B8367DC07ACC6AAAB516 /* Debug */,
				17C8B7418A88DC26DDCE8821 /* Release */,
			);
			defaultConfigurationIsVisible = 0;
			defaultConfigurationName = Release;
		};
		17C8B7FE00131DEB8FF6881C /* Build configuration list for PBXNativeTarget "BMStatusHUD" */ = {
			isa = XCConfigurationList;
			buildConfigurations = (
				17C8BC2FD09F5EAA513217F4 /* Debug */,
				17C8BB6CDC599E2D9F9A0B96 /* Release */,
			);
			defaultConfigurationIsVisible = 0;
			defaultConfigurationName = Release;
		};
		17C8B89F2707CB0872F7567D /* Build configuration list for PBXProject "BMStatusHUD" */ = {
			isa = XCConfigurationList;
			buildConfigurations = (
				17C8B618D8A6E343FE5DBBA6 /* Debug */,
				17C8B8BE0A2C7A4739F7793F /* Release */,
			);
			defaultConfigurationIsVisible = 0;
			defaultConfigurationName = Release;
		};
/* End XCConfigurationList section */
	};
	rootObject = 17C8BEBFED91122BCD26B721 /* Project object */;
}
